
Microsoft Visual Studio Solution File, Format Version 12.00
# Visual Studio 14
VisualStudioVersion = 14.0.23107.0
MinimumVisualStudioVersion = 10.0.40219.1
Project("{2150E333-8FDC-42A3-9474-1A3956D46DE8}") = "Sql_Test", "Sql_Test", "{131F1C29-53CF-4B0C-9017-B7C94E9002F8}"
	ProjectSection(SolutionItems) = preProject
		Sql_Answer.sql = Sql_Answer.sql
		..\SqlTest.docx = ..\SqlTest.docx
	EndProjectSection
EndProject
Project("{2150E333-8FDC-42A3-9474-1A3956D46DE8}") = "SoftwareTest", "SoftwareTest", "{68D5637E-80BD-45DB-B374-AF3693B9021E}"
EndProject
Project("{FAE04EC0-301F-11D3-BF4B-00C04F79EFBC}") = "SoftwareTest", "SoftwareTest\SoftwareTest.csproj", "{5BCC0454-0691-4B22-93B3-9D849BB24799}"
EndProject
Project("{2150E333-8FDC-42A3-9474-1A3956D46DE8}") = "PositionCalculator", "PositionCalculator", "{A5AC9E7F-3B78-49A6-A439-1D5AE10258E7}"
	ProjectSection(SolutionItems) = preProject
		ReadMe.Txt = ReadMe.Txt
	EndProjectSection
EndProject
Project("{FAE04EC0-301F-11D3-BF4B-00C04F79EFBC}") = "PositionCalculator", "NetPositionsCalculator\PositionCalculator.csproj", "{4380269B-1815-49A4-A744-A4743AEF17B1}"
EndProject
Project("{2150E333-8FDC-42A3-9474-1A3956D46DE8}") = "InputFiles", "InputFiles", "{309C6E7D-828D-40D2-81E9-01AB931F6476}"
	ProjectSection(SolutionItems) = preProject
		..\boxed_positions_expected.csv = ..\boxed_positions_expected.csv
		..\net_positions_expected.csv = ..\net_positions_expected.csv
		..\test_data.csv = ..\test_data.csv
	EndProjectSection
EndProject
Project("{FAE04EC0-301F-11D3-BF4B-00C04F79EFBC}") = "PositionCalculator.Test", "NetPositionsCalculator.Test\PositionCalculator.Test.csproj", "{0FFB46F3-0003-4FEF-AECA-9208E1FF1A92}"
EndProject
Project("{FAE04EC0-301F-11D3-BF4B-00C04F79EFBC}") = "PositionCalculator.Console", "NetPositionsCalculator.Console\PositionCalculator.Console.csproj", "{CA1EE598-E023-44D2-B87F-89D1E5104049}"
EndProject
Project("{2150E333-8FDC-42A3-9474-1A3956D46DE8}") = "OutputFiles", "OutputFiles", "{14D03DAF-2BCA-41BD-8451-B60600FAB7CF}"
	ProjectSection(SolutionItems) = preProject
		..\test_data.csv = ..\test_data.csv
	EndProjectSection
EndProject
Global
	GlobalSection(SolutionConfigurationPlatforms) = preSolution
		Debug|Any CPU = Debug|Any CPU
		Release|Any CPU = Release|Any CPU
	EndGlobalSection
	GlobalSection(ProjectConfigurationPlatforms) = postSolution
		{5BCC0454-0691-4B22-93B3-9D849BB24799}.Debug|Any CPU.ActiveCfg = Debug|Any CPU
		{5BCC0454-0691-4B22-93B3-9D849BB24799}.Debug|Any CPU.Build.0 = Debug|Any CPU
		{5BCC0454-0691-4B22-93B3-9D849BB24799}.Release|Any CPU.ActiveCfg = Release|Any CPU
		{5BCC0454-0691-4B22-93B3-9D849BB24799}.Release|Any CPU.Build.0 = Release|Any CPU
		{4380269B-1815-49A4-A744-A4743AEF17B1}.Debug|Any CPU.ActiveCfg = Debug|Any CPU
		{4380269B-1815-49A4-A744-A4743AEF17B1}.Debug|Any CPU.Build.0 = Debug|Any CPU
		{4380269B-1815-49A4-A744-A4743AEF17B1}.Release|Any CPU.ActiveCfg = Release|Any CPU
		{4380269B-1815-49A4-A744-A4743AEF17B1}.Release|Any CPU.Build.0 = Release|Any CPU
		{0FFB46F3-0003-4FEF-AECA-9208E1FF1A92}.Debug|Any CPU.ActiveCfg = Debug|Any CPU
		{0FFB46F3-0003-4FEF-AECA-9208E1FF1A92}.Debug|Any CPU.Build.0 = Debug|Any CPU
		{0FFB46F3-0003-4FEF-AECA-9208E1FF1A92}.Release|Any CPU.ActiveCfg = Release|Any CPU
		{0FFB46F3-0003-4FEF-AECA-9208E1FF1A92}.Release|Any CPU.Build.0 = Release|Any CPU
		{CA1EE598-E023-44D2-B87F-89D1E5104049}.Debug|Any CPU.ActiveCfg = Debug|Any CPU
		{CA1EE598-E023-44D2-B87F-89D1E5104049}.Debug|Any CPU.Build.0 = Debug|Any CPU
		{CA1EE598-E023-44D2-B87F-89D1E5104049}.Release|Any CPU.ActiveCfg = Release|Any CPU
		{CA1EE598-E023-44D2-B87F-89D1E5104049}.Release|Any CPU.Build.0 = Release|Any CPU
	EndGlobalSection
	GlobalSection(SolutionProperties) = preSolution
		HideSolutionNode = FALSE
	EndGlobalSection
	GlobalSection(NestedProjects) = preSolution
		{5BCC0454-0691-4B22-93B3-9D849BB24799} = {68D5637E-80BD-45DB-B374-AF3693B9021E}
		{4380269B-1815-49A4-A744-A4743AEF17B1} = {A5AC9E7F-3B78-49A6-A439-1D5AE10258E7}
		{309C6E7D-828D-40D2-81E9-01AB931F6476} = {A5AC9E7F-3B78-49A6-A439-1D5AE10258E7}
		{0FFB46F3-0003-4FEF-AECA-9208E1FF1A92} = {A5AC9E7F-3B78-49A6-A439-1D5AE10258E7}
		{CA1EE598-E023-44D2-B87F-89D1E5104049} = {A5AC9E7F-3B78-49A6-A439-1D5AE10258E7}
		{14D03DAF-2BCA-41BD-8451-B60600FAB7CF} = {A5AC9E7F-3B78-49A6-A439-1D5AE10258E7}
	EndGlobalSection
EndGlobal
